
Microsoft Visual Studio Solution File, Format Version 12.00
# Visual Studio Version 16
VisualStudioVersion = 16.0.29215.179
MinimumVisualStudioVersion = 10.0.40219.1
Project("{8BC9CEB8-8B4A-11D0-8D11-00A0C91BC942}") = "Emulator", "Emulator\Emulator.vcxproj", "{296A7BE5-4BFC-4F73-AB02-22B46EDCBCDE}"
	ProjectSection(ProjectDependencies) = postProject
		{42D9873C-4516-4457-B8FF-916204FD28D9} = {42D9873C-4516-4457-B8FF-916204FD28D9}
		{ADB99F8B-BD9B-46EF-84E2-01B393C92EDD} = {ADB99F8B-BD9B-46EF-84E2-01B393C92EDD}
		{2C2408BB-DD91-4D18-8D64-C1B5C398DD1E} = {2C2408BB-DD91-4D18-8D64-C1B5C398DD1E}
	EndProjectSection
EndProject
Project("{8BC9CEB8-8B4A-11D0-8D11-00A0C91BC942}") = "Emulator.core", "Emulator.core\Emulator.core.vcxproj", "{2C2408BB-DD91-4D18-8D64-C1B5C398DD1E}"
	ProjectSection(ProjectDependencies) = postProject
		{42D9873C-4516-4457-B8FF-916204FD28D9} = {42D9873C-4516-4457-B8FF-916204FD28D9}
	EndProjectSection
EndProject
Project("{8BC9CEB8-8B4A-11D0-8D11-00A0C91BC942}") = "Utils", "Utils\Utils.vcxproj", "{42D9873C-4516-4457-B8FF-916204FD28D9}"
EndProject
Project("{8BC9CEB8-8B4A-11D0-8D11-00A0C91BC942}") = "Emulator.Mapper0", "Emulator.Mapper0\Emulator.Mapper0.vcxproj", "{7A32C997-382F-47FE-BABE-E58048FEB753}"
	ProjectSection(ProjectDependencies) = postProject
		{42D9873C-4516-4457-B8FF-916204FD28D9} = {42D9873C-4516-4457-B8FF-916204FD28D9}
		{2C2408BB-DD91-4D18-8D64-C1B5C398DD1E} = {2C2408BB-DD91-4D18-8D64-C1B5C398DD1E}
	EndProjectSection
EndProject
Project("{8BC9CEB8-8B4A-11D0-8D11-00A0C91BC942}") = "Emulator.MapperProvider", "Emulator.MapperProvider\Emulator.MapperProvider.vcxproj", "{ADB99F8B-BD9B-46EF-84E2-01B393C92EDD}"
	ProjectSection(ProjectDependencies) = postProject
		{42D9873C-4516-4457-B8FF-916204FD28D9} = {42D9873C-4516-4457-B8FF-916204FD28D9}
		{7A32C997-382F-47FE-BABE-E58048FEB753} = {7A32C997-382F-47FE-BABE-E58048FEB753}
		{2C2408BB-DD91-4D18-8D64-C1B5C398DD1E} = {2C2408BB-DD91-4D18-8D64-C1B5C398DD1E}
	EndProjectSection
EndProject
Global
	GlobalSection(SolutionConfigurationPlatforms) = preSolution
		Debug|x64 = Debug|x64
		Debug|x86 = Debug|x86
		Release|x64 = Release|x64
		Release|x86 = Release|x86
	EndGlobalSection
	GlobalSection(ProjectConfigurationPlatforms) = postSolution
		{296A7BE5-4BFC-4F73-AB02-22B46EDCBCDE}.Debug|x64.ActiveCfg = Debug|x64
		{296A7BE5-4BFC-4F73-AB02-22B46EDCBCDE}.Debug|x64.Build.0 = Debug|x64
		{296A7BE5-4BFC-4F73-AB02-22B46EDCBCDE}.Debug|x86.ActiveCfg = Debug|Win32
		{296A7BE5-4BFC-4F73-AB02-22B46EDCBCDE}.Debug|x86.Build.0 = Debug|Win32
		{296A7BE5-4BFC-4F73-AB02-22B46EDCBCDE}.Release|x64.ActiveCfg = Release|x64
		{296A7BE5-4BFC-4F73-AB02-22B46EDCBCDE}.Release|x64.Build.0 = Release|x64
		{296A7BE5-4BFC-4F73-AB02-22B46EDCBCDE}.Release|x86.ActiveCfg = Release|Win32
		{296A7BE5-4BFC-4F73-AB02-22B46EDCBCDE}.Release|x86.Build.0 = Release|Win32
		{2C2408BB-DD91-4D18-8D64-C1B5C398DD1E}.Debug|x64.ActiveCfg = Debug|x64
		{2C2408BB-DD91-4D18-8D64-C1B5C398DD1E}.Debug|x64.Build.0 = Debug|x64
		{2C2408BB-DD91-4D18-8D64-C1B5C398DD1E}.Debug|x86.ActiveCfg = Debug|Win32
		{2C2408BB-DD91-4D18-8D64-C1B5C398DD1E}.Debug|x86.Build.0 = Debug|Win32
		{2C2408BB-DD91-4D18-8D64-C1B5C398DD1E}.Release|x64.ActiveCfg = Release|x64
		{2C2408BB-DD91-4D18-8D64-C1B5C398DD1E}.Release|x64.Build.0 = Release|x64
		{2C2408BB-DD91-4D18-8D64-C1B5C398DD1E}.Release|x86.ActiveCfg = Release|Win32
		{2C2408BB-DD91-4D18-8D64-C1B5C398DD1E}.Release|x86.Build.0 = Release|Win32
		{42D9873C-4516-4457-B8FF-916204FD28D9}.Debug|x64.ActiveCfg = Debug|x64
		{42D9873C-4516-4457-B8FF-916204FD28D9}.Debug|x64.Build.0 = Debug|x64
		{42D9873C-4516-4457-B8FF-916204FD28D9}.Debug|x86.ActiveCfg = Debug|Win32
		{42D9873C-4516-4457-B8FF-916204FD28D9}.Debug|x86.Build.0 = Debug|Win32
		{42D9873C-4516-4457-B8FF-916204FD28D9}.Release|x64.ActiveCfg = Release|x64
		{42D9873C-4516-4457-B8FF-916204FD28D9}.Release|x64.Build.0 = Release|x64
		{42D9873C-4516-4457-B8FF-916204FD28D9}.Release|x86.ActiveCfg = Release|Win32
		{42D9873C-4516-4457-B8FF-916204FD28D9}.Release|x86.Build.0 = Release|Win32
		{7A32C997-382F-47FE-BABE-E58048FEB753}.Debug|x64.ActiveCfg = Debug|x64
		{7A32C997-382F-47FE-BABE-E58048FEB753}.Debug|x64.Build.0 = Debug|x64
		{7A32C997-382F-47FE-BABE-E58048FEB753}.Debug|x86.ActiveCfg = Debug|Win32
		{7A32C997-382F-47FE-BABE-E58048FEB753}.Debug|x86.Build.0 = Debug|Win32
		{7A32C997-382F-47FE-BABE-E58048FEB753}.Release|x64.ActiveCfg = Release|x64
		{7A32C997-382F-47FE-BABE-E58048FEB753}.Release|x64.Build.0 = Release|x64
		{7A32C997-382F-47FE-BABE-E58048FEB753}.Release|x86.ActiveCfg = Release|Win32
		{7A32C997-382F-47FE-BABE-E58048FEB753}.Release|x86.Build.0 = Release|Win32
		{ADB99F8B-BD9B-46EF-84E2-01B393C92EDD}.Debug|x64.ActiveCfg = Debug|x64
		{ADB99F8B-BD9B-46EF-84E2-01B393C92EDD}.Debug|x64.Build.0 = Debug|x64
		{ADB99F8B-BD9B-46EF-84E2-01B393C92EDD}.Debug|x86.ActiveCfg = Debug|Win32
		{ADB99F8B-BD9B-46EF-84E2-01B393C92EDD}.Debug|x86.Build.0 = Debug|Win32
		{ADB99F8B-BD9B-46EF-84E2-01B393C92EDD}.Release|x64.ActiveCfg = Release|x64
		{ADB99F8B-BD9B-46EF-84E2-01B393C92EDD}.Release|x64.Build.0 = Release|x64
		{ADB99F8B-BD9B-46EF-84E2-01B393C92EDD}.Release|x86.ActiveCfg = Release|Win32
		{ADB99F8B-BD9B-46EF-84E2-01B393C92EDD}.Release|x86.Build.0 = Release|Win32
	EndGlobalSection
	GlobalSection(SolutionProperties) = preSolution
		HideSolutionNode = FALSE
	EndGlobalSection
	GlobalSection(ExtensibilityGlobals) = postSolution
		SolutionGuid = {736DD213-B711-454A-849E-27D09352B164}
	EndGlobalSection
EndGlobal
